
Microsoft Visual Studio Solution File, Format Version 12.00
# Visual Studio Version 17
VisualStudioVersion = 17.10.35122.118
MinimumVisualStudioVersion = 10.0.40219.1
Project("{2150E333-8FDC-42A3-9474-1A3956D46DE8}") = "Core", "Core", "{6DD589BC-3A0E-40A7-80C1-6B0D5446430A}"
EndProject
Project("{2150E333-8FDC-42A3-9474-1A3956D46DE8}") = "Infrastructure", "Infrastructure", "{031059A0-6CF9-464F-8D6B-04FB97A4F5E4}"
EndProject
Project("{2150E333-8FDC-42A3-9474-1A3956D46DE8}") = "Presentation", "Presentation", "{E9EA9B56-1C66-4AE2-AF83-AFBC25B3F43B}"
EndProject
Project("{FAE04EC0-301F-11D3-BF4B-00C04F79EFBC}") = "TaskManagerSystem.Infrastructure", "Infrastructure\TaskManagerSystem.Infrastructure\TaskManagerSystem.Infrastructure.csproj", "{1696D84F-0606-409B-AA65-BD540CC065BB}"
EndProject
Project("{FAE04EC0-301F-11D3-BF4B-00C04F79EFBC}") = "TaskManagerSystem.Persistance", "Infrastructure\TaskManagerSystem.Persistance\TaskManagerSystem.Persistance.csproj", "{E8170D7C-3017-416E-826C-FAA5C7C8D637}"
EndProject
Project("{FAE04EC0-301F-11D3-BF4B-00C04F79EFBC}") = "TaskManagerSystem.Api", "Presentation\TaskManagerSystem.Api\TaskManagerSystem.Api.csproj", "{6E779EF4-FBE7-4657-92F1-50F0A17D883A}"
EndProject
Project("{FAE04EC0-301F-11D3-BF4B-00C04F79EFBC}") = "TaskManagerSystem.Application", "Core\TaskManagerSystem.Application\TaskManagerSystem.Application.csproj", "{5E9ABABB-8E23-4759-BAB5-F7FA1E698491}"
EndProject
Project("{FAE04EC0-301F-11D3-BF4B-00C04F79EFBC}") = "TaskManagerSystem.Domain", "Core\TaskManagerSystem.Domain\TaskManagerSystem.Domain.csproj", "{B05FAD7D-6D4E-43AA-8346-0F960E853C4B}"
EndProject
Global
	GlobalSection(SolutionConfigurationPlatforms) = preSolution
		Debug|Any CPU = Debug|Any CPU
		Release|Any CPU = Release|Any CPU
	EndGlobalSection
	GlobalSection(ProjectConfigurationPlatforms) = postSolution
		{1696D84F-0606-409B-AA65-BD540CC065BB}.Debug|Any CPU.ActiveCfg = Debug|Any CPU
		{1696D84F-0606-409B-AA65-BD540CC065BB}.Debug|Any CPU.Build.0 = Debug|Any CPU
		{1696D84F-0606-409B-AA65-BD540CC065BB}.Release|Any CPU.ActiveCfg = Release|Any CPU
		{1696D84F-0606-409B-AA65-BD540CC065BB}.Release|Any CPU.Build.0 = Release|Any CPU
		{E8170D7C-3017-416E-826C-FAA5C7C8D637}.Debug|Any CPU.ActiveCfg = Debug|Any CPU
		{E8170D7C-3017-416E-826C-FAA5C7C8D637}.Debug|Any CPU.Build.0 = Debug|Any CPU
		{E8170D7C-3017-416E-826C-FAA5C7C8D637}.Release|Any CPU.ActiveCfg = Release|Any CPU
		{E8170D7C-3017-416E-826C-FAA5C7C8D637}.Release|Any CPU.Build.0 = Release|Any CPU
		{6E779EF4-FBE7-4657-92F1-50F0A17D883A}.Debug|Any CPU.ActiveCfg = Debug|Any CPU
		{6E779EF4-FBE7-4657-92F1-50F0A17D883A}.Debug|Any CPU.Build.0 = Debug|Any CPU
		{6E779EF4-FBE7-4657-92F1-50F0A17D883A}.Release|Any CPU.ActiveCfg = Release|Any CPU
		{6E779EF4-FBE7-4657-92F1-50F0A17D883A}.Release|Any CPU.Build.0 = Release|Any CPU
		{5E9ABABB-8E23-4759-BAB5-F7FA1E698491}.Debug|Any CPU.ActiveCfg = Debug|Any CPU
		{5E9ABABB-8E23-4759-BAB5-F7FA1E698491}.Debug|Any CPU.Build.0 = Debug|Any CPU
		{5E9ABABB-8E23-4759-BAB5-F7FA1E698491}.Release|Any CPU.ActiveCfg = Release|Any CPU
		{5E9ABABB-8E23-4759-BAB5-F7FA1E698491}.Release|Any CPU.Build.0 = Release|Any CPU
		{B05FAD7D-6D4E-43AA-8346-0F960E853C4B}.Debug|Any CPU.ActiveCfg = Debug|Any CPU
		{B05FAD7D-6D4E-43AA-8346-0F960E853C4B}.Debug|Any CPU.Build.0 = Debug|Any CPU
		{B05FAD7D-6D4E-43AA-8346-0F960E853C4B}.Release|Any CPU.ActiveCfg = Release|Any CPU
		{B05FAD7D-6D4E-43AA-8346-0F960E853C4B}.Release|Any CPU.Build.0 = Release|Any CPU
	EndGlobalSection
	GlobalSection(SolutionProperties) = preSolution
		HideSolutionNode = FALSE
	EndGlobalSection
	GlobalSection(NestedProjects) = preSolution
		{1696D84F-0606-409B-AA65-BD540CC065BB} = {031059A0-6CF9-464F-8D6B-04FB97A4F5E4}
		{E8170D7C-3017-416E-826C-FAA5C7C8D637} = {031059A0-6CF9-464F-8D6B-04FB97A4F5E4}
		{6E779EF4-FBE7-4657-92F1-50F0A17D883A} = {E9EA9B56-1C66-4AE2-AF83-AFBC25B3F43B}
		{5E9ABABB-8E23-4759-BAB5-F7FA1E698491} = {6DD589BC-3A0E-40A7-80C1-6B0D5446430A}
		{B05FAD7D-6D4E-43AA-8346-0F960E853C4B} = {6DD589BC-3A0E-40A7-80C1-6B0D5446430A}
	EndGlobalSection
	GlobalSection(ExtensibilityGlobals) = postSolution
		SolutionGuid = {1142EF5E-8536-438B-9384-1349E1C90D82}
	EndGlobalSection
EndGlobal
